// !$*UTF8*$!
{
	archiveVersion = 1;
	classes = {
	};
	objectVersion = 56;
	objects = {

/* Begin PBXBuildFile section */
		390D7CBA2A18F92F004102D5 /* TaskListView.swift in Sources */ = {isa = PBXBuildFile; fileRef = 390D7CB92A18F92F004102D5 /* TaskListView.swift */; };
		390D7CBC2A18F9FB004102D5 /* Extensions.swift in Sources */ = {isa = PBXBuildFile; fileRef = 390D7CBB2A18F9FB004102D5 /* Extensions.swift */; };
		390D7CBE2A18FDD7004102D5 /* CustomConstants.swift in Sources */ = {isa = PBXBuildFile; fileRef = 390D7CBD2A18FDD7004102D5 /* CustomConstants.swift */; };
		390D7CC02A19001E004102D5 /* TaskListTableViewCell.swift in Sources */ = {isa = PBXBuildFile; fileRef = 390D7CBF2A19001E004102D5 /* TaskListTableViewCell.swift */; };
		390D7CC32A19065C004102D5 /* AddTaskViewController.swift in Sources */ = {isa = PBXBuildFile; fileRef = 390D7CC22A19065C004102D5 /* AddTaskViewController.swift */; };
		390D7CC52A1909A6004102D5 /* AddTaskView.swift in Sources */ = {isa = PBXBuildFile; fileRef = 390D7CC42A1909A6004102D5 /* AddTaskView.swift */; };
		39F8CF0C2A18F65200F310F9 /* AppDelegate.swift in Sources */ = {isa = PBXBuildFile; fileRef = 39F8CF0B2A18F65200F310F9 /* AppDelegate.swift */; };
		39F8CF0E2A18F65200F310F9 /* SceneDelegate.swift in Sources */ = {isa = PBXBuildFile; fileRef = 39F8CF0D2A18F65200F310F9 /* SceneDelegate.swift */; };
		39F8CF102A18F65200F310F9 /* TaskListViewController.swift in Sources */ = {isa = PBXBuildFile; fileRef = 39F8CF0F2A18F65200F310F9 /* TaskListViewController.swift */; };
		39F8CF152A18F65200F310F9 /* Assets.xcassets in Resources */ = {isa = PBXBuildFile; fileRef = 39F8CF142A18F65200F310F9 /* Assets.xcassets */; };
		39F8CF182A18F65200F310F9 /* LaunchScreen.storyboard in Resources */ = {isa = PBXBuildFile; fileRef = 39F8CF162A18F65200F310F9 /* LaunchScreen.storyboard */; };
		C10B8C8D9DACD5E49F897F02 /* Pods_RxSwiftGoodList.framework in Frameworks */ = {isa = PBXBuildFile; fileRef = 914C7070CEA320462D07C597 /* Pods_RxSwiftGoodList.framework */; };
/* End PBXBuildFile section */

/* Begin PBXFileReference section */
		1B5F813F85CD85D9873E1829 /* Pods-RxSwiftGoodList.release.xcconfig */ = {isa = PBXFileReference; includeInIndex = 1; lastKnownFileType = text.xcconfig; name = "Pods-RxSwiftGoodList.release.xcconfig"; path = "Target Support Files/Pods-RxSwiftGoodList/Pods-RxSwiftGoodList.release.xcconfig"; sourceTree = "<group>"; };
		390D7CB92A18F92F004102D5 /* TaskListView.swift */ = {isa = PBXFileReference; lastKnownFileType = sourcecode.swift; path = TaskListView.swift; sourceTree = "<group>"; };
		390D7CBB2A18F9FB004102D5 /* Extensions.swift */ = {isa = PBXFileReference; lastKnownFileType = sourcecode.swift; path = Extensions.swift; sourceTree = "<group>"; };
		390D7CBD2A18FDD7004102D5 /* CustomConstants.swift */ = {isa = PBXFileReference; lastKnownFileType = sourcecode.swift; path = CustomConstants.swift; sourceTree = "<group>"; };
		390D7CBF2A19001E004102D5 /* TaskListTableViewCell.swift */ = {isa = PBXFileReference; lastKnownFileType = sourcecode.swift; path = TaskListTableViewCell.swift; sourceTree = "<group>"; };
		390D7CC22A19065C004102D5 /* AddTaskViewController.swift */ = {isa = PBXFileReference; lastKnownFileType = sourcecode.swift; path = AddTaskViewController.swift; sourceTree = "<group>"; };
		390D7CC42A1909A6004102D5 /* AddTaskView.swift */ = {isa = PBXFileReference; lastKnownFileType = sourcecode.swift; path = AddTaskView.swift; sourceTree = "<group>"; };
		39F8CF082A18F65200F310F9 /* RxSwiftGoodList.app */ = {isa = PBXFileReference; explicitFileType = wrapper.application; includeInIndex = 0; path = RxSwiftGoodList.app; sourceTree = BUILT_PRODUCTS_DIR; };
		39F8CF0B2A18F65200F310F9 /* AppDelegate.swift */ = {isa = PBXFileReference; lastKnownFileType = sourcecode.swift; path = AppDelegate.swift; sourceTree = "<group>"; };
		39F8CF0D2A18F65200F310F9 /* SceneDelegate.swift */ = {isa = PBXFileReference; lastKnownFileType = sourcecode.swift; path = SceneDelegate.swift; sourceTree = "<group>"; };
		39F8CF0F2A18F65200F310F9 /* TaskListViewController.swift */ = {isa = PBXFileReference; lastKnownFileType = sourcecode.swift; path = TaskListViewController.swift; sourceTree = "<group>"; };
		39F8CF142A18F65200F310F9 /* Assets.xcassets */ = {isa = PBXFileReference; lastKnownFileType = folder.assetcatalog; path = Assets.xcassets; sourceTree = "<group>"; };
		39F8CF172A18F65200F310F9 /* Base */ = {isa = PBXFileReference; lastKnownFileType = file.storyboard; name = Base; path = Base.lproj/LaunchScreen.storyboard; sourceTree = "<group>"; };
		39F8CF192A18F65200F310F9 /* Info.plist */ = {isa = PBXFileReference; lastKnownFileType = text.plist.xml; path = Info.plist; sourceTree = "<group>"; };
		914C7070CEA320462D07C597 /* Pods_RxSwiftGoodList.framework */ = {isa = PBXFileReference; explicitFileType = wrapper.framework; includeInIndex = 0; path = Pods_RxSwiftGoodList.framework; sourceTree = BUILT_PRODUCTS_DIR; };
		938DBB139DBCEEEEA51774CB /* Pods-RxSwiftGoodList.debug.xcconfig */ = {isa = PBXFileReference; includeInIndex = 1; lastKnownFileType = text.xcconfig; name = "Pods-RxSwiftGoodList.debug.xcconfig"; path = "Target Support Files/Pods-RxSwiftGoodList/Pods-RxSwiftGoodList.debug.xcconfig"; sourceTree = "<group>"; };
/* End PBXFileReference section */

/* Begin PBXFrameworksBuildPhase section */
		39F8CF052A18F65200F310F9 /* Frameworks */ = {
			isa = PBXFrameworksBuildPhase;
			buildActionMask = 2147483647;
			files = (
				C10B8C8D9DACD5E49F897F02 /* Pods_RxSwiftGoodList.framework in Frameworks */,
			);
			runOnlyForDeploymentPostprocessing = 0;
		};
/* End PBXFrameworksBuildPhase section */

/* Begin PBXGroup section */
		044C171006133CE768D57903 /* Frameworks */ = {
			isa = PBXGroup;
			children = (
				914C7070CEA320462D07C597 /* Pods_RxSwiftGoodList.framework */,
			);
			name = Frameworks;
			sourceTree = "<group>";
		};
		390D7CB62A18F88D004102D5 /* View */ = {
			isa = PBXGroup;
			children = (
				390D7CB92A18F92F004102D5 /* TaskListView.swift */,
				390D7CC42A1909A6004102D5 /* AddTaskView.swift */,
				390D7CBF2A19001E004102D5 /* TaskListTableViewCell.swift */,
			);
			path = View;
			sourceTree = "<group>";
		};
		390D7CC12A190637004102D5 /* Controllers */ = {
			isa = PBXGroup;
			children = (
				39F8CF0F2A18F65200F310F9 /* TaskListViewController.swift */,
				390D7CC22A19065C004102D5 /* AddTaskViewController.swift */,
			);
			path = Controllers;
			sourceTree = "<group>";
		};
		39F8CEFF2A18F65200F310F9 = {
			isa = PBXGroup;
			children = (
				39F8CF0A2A18F65200F310F9 /* RxSwiftGoodList */,
				39F8CF092A18F65200F310F9 /* Products */,
				B7D7EF38436A3B52940B604F /* Pods */,
				044C171006133CE768D57903 /* Frameworks */,
			);
			sourceTree = "<group>";
		};
		39F8CF092A18F65200F310F9 /* Products */ = {
			isa = PBXGroup;
			children = (
				39F8CF082A18F65200F310F9 /* RxSwiftGoodList.app */,
			);
			name = Products;
			sourceTree = "<group>";
		};
		39F8CF0A2A18F65200F310F9 /* RxSwiftGoodList */ = {
			isa = PBXGroup;
			children = (
				390D7CB62A18F88D004102D5 /* View */,
				390D7CC12A190637004102D5 /* Controllers */,
				39F8CF0B2A18F65200F310F9 /* AppDelegate.swift */,
				39F8CF0D2A18F65200F310F9 /* SceneDelegate.swift */,
				39F8CF142A18F65200F310F9 /* Assets.xcassets */,
				39F8CF162A18F65200F310F9 /* LaunchScreen.storyboard */,
				39F8CF192A18F65200F310F9 /* Info.plist */,
				390D7CBB2A18F9FB004102D5 /* Extensions.swift */,
				390D7CBD2A18FDD7004102D5 /* CustomConstants.swift */,
			);
			path = RxSwiftGoodList;
			sourceTree = "<group>";
		};
		B7D7EF38436A3B52940B604F /* Pods */ = {
			isa = PBXGroup;
			children = (
				938DBB139DBCEEEEA51774CB /* Pods-RxSwiftGoodList.debug.xcconfig */,
				1B5F813F85CD85D9873E1829 /* Pods-RxSwiftGoodList.release.xcconfig */,
			);
			path = Pods;
			sourceTree = "<group>";
		};
/* End PBXGroup section */

/* Begin PBXNativeTarget section */
		39F8CF072A18F65200F310F9 /* RxSwiftGoodList */ = {
			isa = PBXNativeTarget;
			buildConfigurationList = 39F8CF1C2A18F65200F310F9 /* Build configuration list for PBXNativeTarget "RxSwiftGoodList" */;
			buildPhases = (
				5CA6E8EC12AB192C6FFBEC61 /* [CP] Check Pods Manifest.lock */,
				39F8CF042A18F65200F310F9 /* Sources */,
				39F8CF052A18F65200F310F9 /* Frameworks */,
				39F8CF062A18F65200F310F9 /* Resources */,
				9C748B56D34C7DC7E8EC4F5A /* [CP] Embed Pods Frameworks */,
			);
			buildRules = (
			);
			dependencies = (
			);
			name = RxSwiftGoodList;
			productName = RxSwiftGoodList;
			productReference = 39F8CF082A18F65200F310F9 /* RxSwiftGoodList.app */;
			productType = "com.apple.product-type.application";
		};
/* End PBXNativeTarget section */

/* Begin PBXProject section */
		39F8CF002A18F65200F310F9 /* Project object */ = {
			isa = PBXProject;
			attributes = {
				BuildIndependentTargetsInParallel = 1;
				LastSwiftUpdateCheck = 1430;
				LastUpgradeCheck = 1430;
				TargetAttributes = {
					39F8CF072A18F65200F310F9 = {
						CreatedOnToolsVersion = 14.3;
					};
				};
			};
			buildConfigurationList = 39F8CF032A18F65200F310F9 /* Build configuration list for PBXProject "RxSwiftGoodList" */;
			compatibilityVersion = "Xcode 14.0";
			developmentRegion = en;
			hasScannedForEncodings = 0;
			knownRegions = (
				en,
				Base,
			);
			mainGroup = 39F8CEFF2A18F65200F310F9;
			productRefGroup = 39F8CF092A18F65200F310F9 /* Products */;
			projectDirPath = "";
			projectRoot = "";
			targets = (
				39F8CF072A18F65200F310F9 /* RxSwiftGoodList */,
			);
		};
/* End PBXProject section */

/* Begin PBXResourcesBuildPhase section */
		39F8CF062A18F65200F310F9 /* Resources */ = {
			isa = PBXResourcesBuildPhase;
			buildActionMask = 2147483647;
			files = (
				39F8CF182A18F65200F310F9 /* LaunchScreen.storyboard in Resources */,
				39F8CF152A18F65200F310F9 /* Assets.xcassets in Resources */,
			);
			runOnlyForDeploymentPostprocessing = 0;
		};
/* End PBXResourcesBuildPhase section */

/* Begin PBXShellScriptBuildPhase section */
		5CA6E8EC12AB192C6FFBEC61 /* [CP] Check Pods Manifest.lock */ = {
			isa = PBXShellScriptBuildPhase;
			buildActionMask = 2147483647;
			files = (
			);
			inputFileListPaths = (
			);
			inputPaths = (
				"${PODS_PODFILE_DIR_PATH}/Podfile.lock",
				"${PODS_ROOT}/Manifest.lock",
			);
			name = "[CP] Check Pods Manifest.lock";
			outputFileListPaths = (
			);
			outputPaths = (
				"$(DERIVED_FILE_DIR)/Pods-RxSwiftGoodList-checkManifestLockResult.txt",
			);
			runOnlyForDeploymentPostprocessing = 0;
			shellPath = /bin/sh;
			shellScript = "diff \"${PODS_PODFILE_DIR_PATH}/Podfile.lock\" \"${PODS_ROOT}/Manifest.lock\" > /dev/null\nif [ $? != 0 ] ; then\n    # print error to STDERR\n    echo \"error: The sandbox is not in sync with the Podfile.lock. Run 'pod install' or update your CocoaPods installation.\" >&2\n    exit 1\nfi\n# This output is used by Xcode 'outputs' to avoid re-running this script phase.\necho \"SUCCESS\" > \"${SCRIPT_OUTPUT_FILE_0}\"\n";
			showEnvVarsInLog = 0;
		};
		9C748B56D34C7DC7E8EC4F5A /* [CP] Embed Pods Frameworks */ = {
			isa = PBXShellScriptBuildPhase;
			buildActionMask = 2147483647;
			files = (
			);
			inputFileListPaths = (
				"${PODS_ROOT}/Target Support Files/Pods-RxSwiftGoodList/Pods-RxSwiftGoodList-frameworks-${CONFIGURATION}-input-files.xcfilelist",
			);
			name = "[CP] Embed Pods Frameworks";
			outputFileListPaths = (
				"${PODS_ROOT}/Target Support Files/Pods-RxSwiftGoodList/Pods-RxSwiftGoodList-frameworks-${CONFIGURATION}-output-files.xcfilelist",
			);
			runOnlyForDeploymentPostprocessing = 0;
			shellPath = /bin/sh;
			shellScript = "\"${PODS_ROOT}/Target Support Files/Pods-RxSwiftGoodList/Pods-RxSwiftGoodList-frameworks.sh\"\n";
			showEnvVarsInLog = 0;
		};
/* End PBXShellScriptBuildPhase section */

/* Begin PBXSourcesBuildPhase section */
		39F8CF042A18F65200F310F9 /* Sources */ = {
			isa = PBXSourcesBuildPhase;
			buildActionMask = 2147483647;
			files = (
				390D7CC02A19001E004102D5 /* TaskListTableViewCell.swift in Sources */,
				390D7CBE2A18FDD7004102D5 /* CustomConstants.swift in Sources */,
				390D7CBC2A18F9FB004102D5 /* Extensions.swift in Sources */,
				390D7CC52A1909A6004102D5 /* AddTaskView.swift in Sources */,
				39F8CF102A18F65200F310F9 /* TaskListViewController.swift in Sources */,
				390D7CBA2A18F92F004102D5 /* TaskListView.swift in Sources */,
				39F8CF0C2A18F65200F310F9 /* AppDelegate.swift in Sources */,
				390D7CC32A19065C004102D5 /* AddTaskViewController.swift in Sources */,
				39F8CF0E2A18F65200F310F9 /* SceneDelegate.swift in Sources */,
			);
			runOnlyForDeploymentPostprocessing = 0;
		};
/* End PBXSourcesBuildPhase section */

/* Begin PBXVariantGroup section */
		39F8CF162A18F65200F310F9 /* LaunchScreen.storyboard */ = {
			isa = PBXVariantGroup;
			children = (
				39F8CF172A18F65200F310F9 /* Base */,
			);
			name = LaunchScreen.storyboard;
			sourceTree = "<group>";
		};
/* End PBXVariantGroup section */

/* Begin XCBuildConfiguration section */
		39F8CF1A2A18F65200F310F9 /* Debug */ = {
			isa = XCBuildConfiguration;
			buildSettings = {
				ALWAYS_SEARCH_USER_PATHS = NO;
				CLANG_ANALYZER_NONNULL = YES;
				CLANG_ANALYZER_NUMBER_OBJECT_CONVERSION = YES_AGGRESSIVE;
				CLANG_CXX_LANGUAGE_STANDARD = "gnu++20";
				CLANG_ENABLE_MODULES = YES;
				CLANG_ENABLE_OBJC_ARC = YES;
				CLANG_ENABLE_OBJC_WEAK = YES;
				CLANG_WARN_BLOCK_CAPTURE_AUTORELEASING = YES;
				CLANG_WARN_BOOL_CONVERSION = YES;
				CLANG_WARN_COMMA = YES;
				CLANG_WARN_CONSTANT_CONVERSION = YES;
				CLANG_WARN_DEPRECATED_OBJC_IMPLEMENTATIONS = YES;
				CLANG_WARN_DIRECT_OBJC_ISA_USAGE = YES_ERROR;
				CLANG_WARN_DOCUMENTATION_COMMENTS = YES;
				CLANG_WARN_EMPTY_BODY = YES;
				CLANG_WARN_ENUM_CONVERSION = YES;
				CLANG_WARN_INFINITE_RECURSION = YES;
				CLANG_WARN_INT_CONVERSION = YES;
				CLANG_WARN_NON_LITERAL_NULL_CONVERSION = YES;
				CLANG_WARN_OBJC_IMPLICIT_RETAIN_SELF = YES;
				CLANG_WARN_OBJC_LITERAL_CONVERSION = YES;
				CLANG_WARN_OBJC_ROOT_CLASS = YES_ERROR;
				CLANG_WARN_QUOTED_INCLUDE_IN_FRAMEWORK_HEADER = YES;
				CLANG_WARN_RANGE_LOOP_ANALYSIS = YES;
				CLANG_WARN_STRICT_PROTOTYPES = YES;
				CLANG_WARN_SUSPICIOUS_MOVE = YES;
				CLANG_WARN_UNGUARDED_AVAILABILITY = YES_AGGRESSIVE;
				CLANG_WARN_UNREACHABLE_CODE = YES;
				CLANG_WARN__DUPLICATE_METHOD_MATCH = YES;
				COPY_PHASE_STRIP = NO;
				DEBUG_INFORMATION_FORMAT = dwarf;
				ENABLE_STRICT_OBJC_MSGSEND = YES;
				ENABLE_TESTABILITY = YES;
				GCC_C_LANGUAGE_STANDARD = gnu11;
				GCC_DYNAMIC_NO_PIC = NO;
				GCC_NO_COMMON_BLOCKS = YES;
				GCC_OPTIMIZATION_LEVEL = 0;
				GCC_PREPROCESSOR_DEFINITIONS = (
					"DEBUG=1",
					"$(inherited)",
				);
				GCC_WARN_64_TO_32_BIT_CONVERSION = YES;
				GCC_WARN_ABOUT_RETURN_TYPE = YES_ERROR;
				GCC_WARN_UNDECLARED_SELECTOR = YES;
				GCC_WARN_UNINITIALIZED_AUTOS = YES_AGGRESSIVE;
				GCC_WARN_UNUSED_FUNCTION = YES;
				GCC_WARN_UNUSED_VARIABLE = YES;
				IPHONEOS_DEPLOYMENT_TARGET = 16.4;
				MTL_ENABLE_DEBUG_INFO = INCLUDE_SOURCE;
				MTL_FAST_MATH = YES;
				ONLY_ACTIVE_ARCH = YES;
				SDKROOT = iphoneos;
				SWIFT_ACTIVE_COMPILATION_CONDITIONS = DEBUG;
				SWIFT_OPTIMIZATION_LEVEL = "-Onone";
			};
			name = Debug;
		};
		39F8CF1B2A18F65200F310F9 /* Release */ = {
			isa = XCBuildConfiguration;
			buildSettings = {
				ALWAYS_SEARCH_USER_PATHS = NO;
				CLANG_ANALYZER_NONNULL = YES;
				CLANG_ANALYZER_NUMBER_OBJECT_CONVERSION = YES_AGGRESSIVE;
				CLANG_CXX_LANGUAGE_STANDARD = "gnu++20";
				CLANG_ENABLE_MODULES = YES;
				CLANG_ENABLE_OBJC_ARC = YES;
				CLANG_ENABLE_OBJC_WEAK = YES;
				CLANG_WARN_BLOCK_CAPTURE_AUTORELEASING = YES;
				CLANG_WARN_BOOL_CONVERSION = YES;
				CLANG_WARN_COMMA = YES;
				CLANG_WARN_CONSTANT_CONVERSION = YES;
				CLANG_WARN_DEPRECATED_OBJC_IMPLEMENTATIONS = YES;
				CLANG_WARN_DIRECT_OBJC_ISA_USAGE = YES_ERROR;
				CLANG_WARN_DOCUMENTATION_COMMENTS = YES;
				CLANG_WARN_EMPTY_BODY = YES;
				CLANG_WARN_ENUM_CONVERSION = YES;
				CLANG_WARN_INFINITE_RECURSION = YES;
				CLANG_WARN_INT_CONVERSION = YES;
				CLANG_WARN_NON_LITERAL_NULL_CONVERSION = YES;
				CLANG_WARN_OBJC_IMPLICIT_RETAIN_SELF = YES;
				CLANG_WARN_OBJC_LITERAL_CONVERSION = YES;
				CLANG_WARN_OBJC_ROOT_CLASS = YES_ERROR;
				CLANG_WARN_QUOTED_INCLUDE_IN_FRAMEWORK_HEADER = YES;
				CLANG_WARN_RANGE_LOOP_ANALYSIS = YES;
				CLANG_WARN_STRICT_PROTOTYPES = YES;
				CLANG_WARN_SUSPICIOUS_MOVE = YES;
				CLANG_WARN_UNGUARDED_AVAILABILITY = YES_AGGRESSIVE;
				CLANG_WARN_UNREACHABLE_CODE = YES;
				CLANG_WARN__DUPLICATE_METHOD_MATCH = YES;
				COPY_PHASE_STRIP = NO;
				DEBUG_INFORMATION_FORMAT = "dwarf-with-dsym";
				ENABLE_NS_ASSERTIONS = NO;
				ENABLE_STRICT_OBJC_MSGSEND = YES;
				GCC_C_LANGUAGE_STANDARD = gnu11;
				GCC_NO_COMMON_BLOCKS = YES;
				GCC_WARN_64_TO_32_BIT_CONVERSION = YES;
				GCC_WARN_ABOUT_RETURN_TYPE = YES_ERROR;
				GCC_WARN_UNDECLARED_SELECTOR = YES;
				GCC_WARN_UNINITIALIZED_AUTOS = YES_AGGRESSIVE;
				GCC_WARN_UNUSED_FUNCTION = YES;
				GCC_WARN_UNUSED_VARIABLE = YES;
				IPHONEOS_DEPLOYMENT_TARGET = 16.4;
				MTL_ENABLE_DEBUG_INFO = NO;
				MTL_FAST_MATH = YES;
				SDKROOT = iphoneos;
				SWIFT_COMPILATION_MODE = wholemodule;
				SWIFT_OPTIMIZATION_LEVEL = "-O";
				VALIDATE_PRODUCT = YES;
			};
			name = Release;
		};
		39F8CF1D2A18F65200F310F9 /* Debug */ = {
			isa = XCBuildConfiguration;
			baseConfigurationReference = 938DBB139DBCEEEEA51774CB /* Pods-RxSwiftGoodList.debug.xcconfig */;
			buildSettings = {
				ASSETCATALOG_COMPILER_APPICON_NAME = AppIcon;
				ASSETCATALOG_COMPILER_GLOBAL_ACCENT_COLOR_NAME = AccentColor;
				CODE_SIGN_STYLE = Automatic;
				CURRENT_PROJECT_VERSION = 1;
				DEVELOPMENT_TEAM = L25LXZY6LR;
				GENERATE_INFOPLIST_FILE = YES;
				INFOPLIST_FILE = RxSwiftGoodList/Info.plist;
				INFOPLIST_KEY_UIApplicationSupportsIndirectInputEvents = YES;
				INFOPLIST_KEY_UILaunchStoryboardName = LaunchScreen;
				INFOPLIST_KEY_UISupportedInterfaceOrientations_iPad = "UIInterfaceOrientationPortrait UIInterfaceOrientationPortraitUpsideDown UIInterfaceOrientationLandscapeLeft UIInterfaceOrientationLandscapeRight";
				INFOPLIST_KEY_UISupportedInterfaceOrientations_iPhone = "UIInterfaceOrientationPortrait UIInterfaceOrientationLandscapeLeft UIInterfaceOrientationLandscapeRight";
				LD_RUNPATH_SEARCH_PATHS = (
					"$(inherited)",
					"@executable_path/Frameworks",
				);
				MARKETING_VERSION = 1.0;
				PRODUCT_BUNDLE_IDENTIFIER = com.danielkarath.RxSwiftGoodList;
				PRODUCT_NAME = "$(TARGET_NAME)";
				SWIFT_EMIT_LOC_STRINGS = YES;
				SWIFT_VERSION = 5.0;
				TARGETED_DEVICE_FAMILY = "1,2";
			};
			name = Debug;
		};
		39F8CF1E2A18F65200F310F9 /* Release */ = {
			isa = XCBuildConfiguration;
			baseConfigurationReference = 1B5F813F85CD85D9873E1829 /* Pods-RxSwiftGoodList.release.xcconfig */;
			buildSettings = {
				ASSETCATALOG_COMPILER_APPICON_NAME = AppIcon;
				ASSETCATALOG_COMPILER_GLOBAL_ACCENT_COLOR_NAME = AccentColor;
				CODE_SIGN_STYLE = Automatic;
				CURRENT_PROJECT_VERSION = 1;
				DEVELOPMENT_TEAM = L25LXZY6LR;
				GENERATE_INFOPLIST_FILE = YES;
				INFOPLIST_FILE = RxSwiftGoodList/Info.plist;
				INFOPLIST_KEY_UIApplicationSupportsIndirectInputEvents = YES;
				INFOPLIST_KEY_UILaunchStoryboardName = LaunchScreen;
				INFOPLIST_KEY_UISupportedInterfaceOrientations_iPad = "UIInterfaceOrientationPortrait UIInterfaceOrientationPortraitUpsideDown UIInterfaceOrientationLandscapeLeft UIInterfaceOrientationLandscapeRight";
				INFOPLIST_KEY_UISupportedInterfaceOrientations_iPhone = "UIInterfaceOrientationPortrait UIInterfaceOrientationLandscapeLeft UIInterfaceOrientationLandscapeRight";
				LD_RUNPATH_SEARCH_PATHS = (
					"$(inherited)",
					"@executable_path/Frameworks",
				);
				MARKETING_VERSION = 1.0;
				PRODUCT_BUNDLE_IDENTIFIER = com.danielkarath.RxSwiftGoodList;
				PRODUCT_NAME = "$(TARGET_NAME)";
				SWIFT_EMIT_LOC_STRINGS = YES;
				SWIFT_VERSION = 5.0;
				TARGETED_DEVICE_FAMILY = "1,2";
			};
			name = Release;
		};
/* End XCBuildConfiguration section */

/* Begin XCConfigurationList section */
		39F8CF032A18F65200F310F9 /* Build configuration list for PBXProject "RxSwiftGoodList" */ = {
			isa = XCConfigurationList;
			buildConfigurations = (
				39F8CF1A2A18F65200F310F9 /* Debug */,
				39F8CF1B2A18F65200F310F9 /* Release */,
			);
			defaultConfigurationIsVisible = 0;
			defaultConfigurationName = Release;
		};
		39F8CF1C2A18F65200F310F9 /* Build configuration list for PBXNativeTarget "RxSwiftGoodList" */ = {
			isa = XCConfigurationList;
			buildConfigurations = (
				39F8CF1D2A18F65200F310F9 /* Debug */,
				39F8CF1E2A18F65200F310F9 /* Release */,
			);
			defaultConfigurationIsVisible = 0;
			defaultConfigurationName = Release;
		};
/* End XCConfigurationList section */
	};
	rootObject = 39F8CF002A18F65200F310F9 /* Project object */;
}
